{
  "lockfileVersion": 1,
  "workspaces": {
    "": {
      "name": "yank-for-claude.nvim",
      "devDependencies": {
        "lefthook": "^1.10.22",
        "prettier": "^3.5.3",
      },
    },
  },
  "packages": {
    "lefthook": ["lefthook@1.11.14", "", { "optionalDependencies": { "lefthook-darwin-arm64": "1.11.14", "lefthook-darwin-x64": "1.11.14", "lefthook-freebsd-arm64": "1.11.14", "lefthook-freebsd-x64": "1.11.14", "lefthook-linux-arm64": "1.11.14", "lefthook-linux-x64": "1.11.14", "lefthook-openbsd-arm64": "1.11.14", "lefthook-openbsd-x64": "1.11.14", "lefthook-windows-arm64": "1.11.14", "lefthook-windows-x64": "1.11.14" }, "bin": { "lefthook": "bin/index.js" } }, "sha512-Dv91Lnu/0jLT5pCZE0IkEfrpTXUhyX9WG4upEMPkKPCl5aBgJdoqVw/hbh8drcVrC6y7k1PqsRmWSERmO57weQ=="],

    "lefthook-darwin-arm64": ["lefthook-darwin-arm64@1.11.14", "", { "os": "darwin", "cpu": "arm64" }, "sha512-YPbUK6kGytY5W6aNUrzK7Vod3ynLVvj5JQiBh0DjlxCHMgIQPpFkDfwQzGw1E8CySyC95HXO83En5Ule8umS7g=="],

    "lefthook-darwin-x64": ["lefthook-darwin-x64@1.11.14", "", { "os": "darwin", "cpu": "x64" }, "sha512-l9RhSBp1SHqLCjSGWoeeVWqKcTBOMW8v2CCYrUt5eb6sik7AjT6+Neqf3sClsXH7SjELjj43yjmg6loqPtfDgg=="],

    "lefthook-freebsd-arm64": ["lefthook-freebsd-arm64@1.11.14", "", { "os": "freebsd", "cpu": "arm64" }, "sha512-oSdJKGGMohktFXC6faZCUt5afyHpDwWGIWAkHGgOXUVD/LiZDEn6U/8cQmKm1UAfBySuPTtfir0VeM04y6188g=="],

    "lefthook-freebsd-x64": ["lefthook-freebsd-x64@1.11.14", "", { "os": "freebsd", "cpu": "x64" }, "sha512-gZdMWZwOtIhIPK3GPYac7JhXrxF188gkw65i6O7CedS/meDlK2vjBv5BUVLeD/satv4+jibEdV0h4Qqu/xIh2A=="],

    "lefthook-linux-arm64": ["lefthook-linux-arm64@1.11.14", "", { "os": "linux", "cpu": "arm64" }, "sha512-sZmqbTsGQFQw7gbfi9eIHFOxfcs66QfZYLRMh1DktODhyhRXB8RtI6KMeKCtPEGLhbK55/I4TprC8Qvj86UBgw=="],

    "lefthook-linux-x64": ["lefthook-linux-x64@1.11.14", "", { "os": "linux", "cpu": "x64" }, "sha512-c+to1BRzFe419SNXAR6YpCBP8EVWxvUxlON3Z+efzmrHhdlhm7LvEoJcN4RQE4Gc2rJQJNe87OjsEZQkc4uQLg=="],

    "lefthook-openbsd-arm64": ["lefthook-openbsd-arm64@1.11.14", "", { "os": "openbsd", "cpu": "arm64" }, "sha512-fivG3D9G4ASRCTf3ecfz1WdnrHCW9pezaI8v1NVve8t6B2q0d0yeaje5dfhoAsAvwiFPRaMzka1Qaoyu8O8G9Q=="],

    "lefthook-openbsd-x64": ["lefthook-openbsd-x64@1.11.14", "", { "os": "openbsd", "cpu": "x64" }, "sha512-vikmG0jf7JVKR3be6Wk3l1jtEdedEqk1BTdsaHFX1bj0qk0azcqlZ819Wt/IoyIYDzQCHKowZ6DuXsRjT+RXWA=="],

    "lefthook-windows-arm64": ["lefthook-windows-arm64@1.11.14", "", { "os": "win32", "cpu": "arm64" }, "sha512-5PoAJ9QKaqxJn1NWrhrhXpAROpl/dT7bGTo7VMj2ATO1cpRatbn6p+ssvc3tgeriFThowFb1D11Fg6OlFLi6UQ=="],

    "lefthook-windows-x64": ["lefthook-windows-x64@1.11.14", "", { "os": "win32", "cpu": "x64" }, "sha512-kBeOPR0Aj5hQGxoBBntgz5/e/xaH5Vnzlq9lJjHW8sf23qu/JVUGg6ceCoicyVWJi+ZOBliTa8KzwCu+mgyJjw=="],

    "prettier": ["prettier@3.5.3", "", { "bin": { "prettier": "bin/prettier.cjs" } }, "sha512-QQtaxnoDJeAkDvDKWCLiwIXkTgRhwYDEQCghU9Z6q03iyek/rxRh/2lC3HB7P8sWT2xC/y5JDctPLBIGzHKbhw=="],
  }
}
